// !$*UTF8*$!
{
	archiveVersion = 1;
	classes = {
	};
	objectVersion = 50;
	objects = {

/* Begin PBXBuildFile section */
		98292FFB20BCC90600FAEAB4 /* AppDelegate.swift in Sources */ = {isa = PBXBuildFile; fileRef = 98292FFA20BCC90600FAEAB4 /* AppDelegate.swift */; };
		98292FFD20BCC90600FAEAB4 /* ViewController.swift in Sources */ = {isa = PBXBuildFile; fileRef = 98292FFC20BCC90600FAEAB4 /* ViewController.swift */; };
		9829300020BCC90600FAEAB4 /* Main.storyboard in Resources */ = {isa = PBXBuildFile; fileRef = 98292FFE20BCC90600FAEAB4 /* Main.storyboard */; };
		9829300220BCC90900FAEAB4 /* Assets.xcassets in Resources */ = {isa = PBXBuildFile; fileRef = 9829300120BCC90900FAEAB4 /* Assets.xcassets */; };
		9829300520BCC90900FAEAB4 /* LaunchScreen.storyboard in Resources */ = {isa = PBXBuildFile; fileRef = 9829300320BCC90900FAEAB4 /* LaunchScreen.storyboard */; };
		9829300D20BCCA8200FAEAB4 /* logo.png in Resources */ = {isa = PBXBuildFile; fileRef = 9829300C20BCCA8200FAEAB4 /* logo.png */; };
		9829300F20BCCA8C00FAEAB4 /* botaogerar.png in Resources */ = {isa = PBXBuildFile; fileRef = 9829300E20BCCA8C00FAEAB4 /* botaogerar.png */; };
		9829301120BCCA9700FAEAB4 /* botaogerar-pressionado.png in Resources */ = {isa = PBXBuildFile; fileRef = 9829301020BCCA9700FAEAB4 /* botaogerar-pressionado.png */; };
/* End PBXBuildFile section */

/* Begin PBXFileReference section */
		98292FF720BCC90600FAEAB4 /* geradornumeros.app */ = {isa = PBXFileReference; explicitFileType = wrapper.application; includeInIndex = 0; path = geradornumeros.app; sourceTree = BUILT_PRODUCTS_DIR; };
		98292FFA20BCC90600FAEAB4 /* AppDelegate.swift */ = {isa = PBXFileReference; lastKnownFileType = sourcecode.swift; path = AppDelegate.swift; sourceTree = "<group>"; };
		98292FFC20BCC90600FAEAB4 /* ViewController.swift */ = {isa = PBXFileReference; lastKnownFileType = sourcecode.swift; path = ViewController.swift; sourceTree = "<group>"; };
		98292FFF20BCC90600FAEAB4 /* Base */ = {isa = PBXFileReference; lastKnownFileType = file.storyboard; name = Base; path = Base.lproj/Main.storyboard; sourceTree = "<group>"; };
		9829300120BCC90900FAEAB4 /* Assets.xcassets */ = {isa = PBXFileReference; lastKnownFileType = folder.assetcatalog; path = Assets.xcassets; sourceTree = "<group>"; };
		9829300420BCC90900FAEAB4 /* Base */ = {isa = PBXFileReference; lastKnownFileType = file.storyboard; name = Base; path = Base.lproj/LaunchScreen.storyboard; sourceTree = "<group>"; };
		9829300620BCC90900FAEAB4 /* Info.plist */ = {isa = PBXFileReference; lastKnownFileType = text.plist.xml; path = Info.plist; sourceTree = "<group>"; };
		9829300C20BCCA8200FAEAB4 /* logo.png */ = {isa = PBXFileReference; lastKnownFileType = image.png; path = logo.png; sourceTree = "<group>"; };
		9829300E20BCCA8C00FAEAB4 /* botaogerar.png */ = {isa = PBXFileReference; lastKnownFileType = image.png; path = botaogerar.png; sourceTree = "<group>"; };
		9829301020BCCA9700FAEAB4 /* botaogerar-pressionado.png */ = {isa = PBXFileReference; lastKnownFileType = image.png; path = "botaogerar-pressionado.png"; sourceTree = "<group>"; };
/* End PBXFileReference section */

/* Begin PBXFrameworksBuildPhase section */
		98292FF420BCC90600FAEAB4 /* Frameworks */ = {
			isa = PBXFrameworksBuildPhase;
			buildActionMask = 2147483647;
			files = (
			);
			runOnlyForDeploymentPostprocessing = 0;
		};
/* End PBXFrameworksBuildPhase section */

/* Begin PBXGroup section */
		98292FEE20BCC90600FAEAB4 = {
			isa = PBXGroup;
			children = (
				98292FF920BCC90600FAEAB4 /* geradornumeros */,
				98292FF820BCC90600FAEAB4 /* Products */,
			);
			sourceTree = "<group>";
		};
		98292FF820BCC90600FAEAB4 /* Products */ = {
			isa = PBXGroup;
			children = (
				98292FF720BCC90600FAEAB4 /* geradornumeros.app */,
			);
			name = Products;
			sourceTree = "<group>";
		};
		98292FF920BCC90600FAEAB4 /* geradornumeros */ = {
			isa = PBXGroup;
			children = (
				9829301020BCCA9700FAEAB4 /* botaogerar-pressionado.png */,
				9829300C20BCCA8200FAEAB4 /* logo.png */,
				9829300E20BCCA8C00FAEAB4 /* botaogerar.png */,
				98292FFA20BCC90600FAEAB4 /* AppDelegate.swift */,
				98292FFC20BCC90600FAEAB4 /* ViewController.swift */,
				98292FFE20BCC90600FAEAB4 /* Main.storyboard */,
				9829300120BCC90900FAEAB4 /* Assets.xcassets */,
				9829300320BCC90900FAEAB4 /* LaunchScreen.storyboard */,
				9829300620BCC90900FAEAB4 /* Info.plist */,
			);
			path = geradornumeros;
			sourceTree = "<group>";
		};
/* End PBXGroup section */

/* Begin PBXNativeTarget section */
		98292FF620BCC90600FAEAB4 /* geradornumeros */ = {
			isa = PBXNativeTarget;
			buildConfigurationList = 9829300920BCC90900FAEAB4 /* Build configuration list for PBXNativeTarget "geradornumeros" */;
			buildPhases = (
				98292FF320BCC90600FAEAB4 /* Sources */,
				98292FF420BCC90600FAEAB4 /* Frameworks */,
				98292FF520BCC90600FAEAB4 /* Resources */,
			);
			buildRules = (
			);
			dependencies = (
			);
			name = geradornumeros;
			productName = geradornumeros;
			productReference = 98292FF720BCC90600FAEAB4 /* geradornumeros.app */;
			productType = "com.apple.product-type.application";
		};
/* End PBXNativeTarget section */

/* Begin PBXProject section */
		98292FEF20BCC90600FAEAB4 /* Project object */ = {
			isa = PBXProject;
			attributes = {
				LastSwiftUpdateCheck = 0930;
				LastUpgradeCheck = 0930;
				ORGANIZATIONNAME = "Vinícius Rodrigues Duarte";
				TargetAttributes = {
					98292FF620BCC90600FAEAB4 = {
						CreatedOnToolsVersion = 9.3.1;
					};
				};
			};
			buildConfigurationList = 98292FF220BCC90600FAEAB4 /* Build configuration list for PBXProject "geradornumeros" */;
			compatibilityVersion = "Xcode 9.3";
			developmentRegion = en;
			hasScannedForEncodings = 0;
			knownRegions = (
				en,
				Base,
			);
			mainGroup = 98292FEE20BCC90600FAEAB4;
			productRefGroup = 98292FF820BCC90600FAEAB4 /* Products */;
			projectDirPath = "";
			projectRoot = "";
			targets = (
				98292FF620BCC90600FAEAB4 /* geradornumeros */,
			);
		};
/* End PBXProject section */

/* Begin PBXResourcesBuildPhase section */
		98292FF520BCC90600FAEAB4 /* Resources */ = {
			isa = PBXResourcesBuildPhase;
			buildActionMask = 2147483647;
			files = (
				9829300D20BCCA8200FAEAB4 /* logo.png in Resources */,
				9829300520BCC90900FAEAB4 /* LaunchScreen.storyboard in Resources */,
				9829300F20BCCA8C00FAEAB4 /* botaogerar.png in Resources */,
				9829300220BCC90900FAEAB4 /* Assets.xcassets in Resources */,
				9829300020BCC90600FAEAB4 /* Main.storyboard in Resources */,
				9829301120BCCA9700FAEAB4 /* botaogerar-pressionado.png in Resources */,
			);
			runOnlyForDeploymentPostprocessing = 0;
		};
/* End PBXResourcesBuildPhase section */

/* Begin PBXSourcesBuildPhase section */
		98292FF320BCC90600FAEAB4 /* Sources */ = {
			isa = PBXSourcesBuildPhase;
			buildActionMask = 2147483647;
			files = (
				98292FFD20BCC90600FAEAB4 /* ViewController.swift in Sources */,
				98292FFB20BCC90600FAEAB4 /* AppDelegate.swift in Sources */,
			);
			runOnlyForDeploymentPostprocessing = 0;
		};
/* End PBXSourcesBuildPhase section */

/* Begin PBXVariantGroup section */
		98292FFE20BCC90600FAEAB4 /* Main.storyboard */ = {
			isa = PBXVariantGroup;
			children = (
				98292FFF20BCC90600FAEAB4 /* Base */,
			);
			name = Main.storyboard;
			sourceTree = "<group>";
		};
		9829300320BCC90900FAEAB4 /* LaunchScreen.storyboard */ = {
			isa = PBXVariantGroup;
			children = (
				9829300420BCC90900FAEAB4 /* Base */,
			);
			name = LaunchScreen.storyboard;
			sourceTree = "<group>";
		};
/* End PBXVariantGroup section */

/* Begin XCBuildConfiguration section */
		9829300720BCC90900FAEAB4 /* Debug */ = {
			isa = XCBuildConfiguration;
			buildSettings = {
				ALWAYS_SEARCH_USER_PATHS = NO;
				CLANG_ANALYZER_NONNULL = YES;
				CLANG_ANALYZER_NUMBER_OBJECT_CONVERSION = YES_AGGRESSIVE;
				CLANG_CXX_LANGUAGE_STANDARD = "gnu++14";
				CLANG_CXX_LIBRARY = "libc++";
				CLANG_ENABLE_MODULES = YES;
				CLANG_ENABLE_OBJC_ARC = YES;
				CLANG_ENABLE_OBJC_WEAK = YES;
				CLANG_WARN_BLOCK_CAPTURE_AUTORELEASING = YES;
				CLANG_WARN_BOOL_CONVERSION = YES;
				CLANG_WARN_COMMA = YES;
				CLANG_WARN_CONSTANT_CONVERSION = YES;
				CLANG_WARN_DEPRECATED_OBJC_IMPLEMENTATIONS = YES;
				CLANG_WARN_DIRECT_OBJC_ISA_USAGE = YES_ERROR;
				CLANG_WARN_DOCUMENTATION_COMMENTS = YES;
				CLANG_WARN_EMPTY_BODY = YES;
				CLANG_WARN_ENUM_CONVERSION = YES;
				CLANG_WARN_INFINITE_RECURSION = YES;
				CLANG_WARN_INT_CONVERSION = YES;
				CLANG_WARN_NON_LITERAL_NULL_CONVERSION = YES;
				CLANG_WARN_OBJC_IMPLICIT_RETAIN_SELF = YES;
				CLANG_WARN_OBJC_LITERAL_CONVERSION = YES;
				CLANG_WARN_OBJC_ROOT_CLASS = YES_ERROR;
				CLANG_WARN_RANGE_LOOP_ANALYSIS = YES;
				CLANG_WARN_STRICT_PROTOTYPES = YES;
				CLANG_WARN_SUSPICIOUS_MOVE = YES;
				CLANG_WARN_UNGUARDED_AVAILABILITY = YES_AGGRESSIVE;
				CLANG_WARN_UNREACHABLE_CODE = YES;
				CLANG_WARN__DUPLICATE_METHOD_MATCH = YES;
				CODE_SIGN_IDENTITY = "iPhone Developer";
				COPY_PHASE_STRIP = NO;
				DEBUG_INFORMATION_FORMAT = dwarf;
				ENABLE_STRICT_OBJC_MSGSEND = YES;
				ENABLE_TESTABILITY = YES;
				GCC_C_LANGUAGE_STANDARD = gnu11;
				GCC_DYNAMIC_NO_PIC = NO;
				GCC_NO_COMMON_BLOCKS = YES;
				GCC_OPTIMIZATION_LEVEL = 0;
				GCC_PREPROCESSOR_DEFINITIONS = (
					"DEBUG=1",
					"$(inherited)",
				);
				GCC_WARN_64_TO_32_BIT_CONVERSION = YES;
				GCC_WARN_ABOUT_RETURN_TYPE = YES_ERROR;
				GCC_WARN_UNDECLARED_SELECTOR = YES;
				GCC_WARN_UNINITIALIZED_AUTOS = YES_AGGRESSIVE;
				GCC_WARN_UNUSED_FUNCTION = YES;
				GCC_WARN_UNUSED_VARIABLE = YES;
				IPHONEOS_DEPLOYMENT_TARGET = 11.3;
				MTL_ENABLE_DEBUG_INFO = YES;
				ONLY_ACTIVE_ARCH = YES;
				SDKROOT = iphoneos;
				SWIFT_ACTIVE_COMPILATION_CONDITIONS = DEBUG;
				SWIFT_OPTIMIZATION_LEVEL = "-Onone";
			};
			name = Debug;
		};
		9829300820BCC90900FAEAB4 /* Release */ = {
			isa = XCBuildConfiguration;
			buildSettings = {
				ALWAYS_SEARCH_USER_PATHS = NO;
				CLANG_ANALYZER_NONNULL = YES;
				CLANG_ANALYZER_NUMBER_OBJECT_CONVERSION = YES_AGGRESSIVE;
				CLANG_CXX_LANGUAGE_STANDARD = "gnu++14";
				CLANG_CXX_LIBRARY = "libc++";
				CLANG_ENABLE_MODULES = YES;
				CLANG_ENABLE_OBJC_ARC = YES;
				CLANG_ENABLE_OBJC_WEAK = YES;
				CLANG_WARN_BLOCK_CAPTURE_AUTORELEASING = YES;
				CLANG_WARN_BOOL_CONVERSION = YES;
				CLANG_WARN_COMMA = YES;
				CLANG_WARN_CONSTANT_CONVERSION = YES;
				CLANG_WARN_DEPRECATED_OBJC_IMPLEMENTATIONS = YES;
				CLANG_WARN_DIRECT_OBJC_ISA_USAGE = YES_ERROR;
				CLANG_WARN_DOCUMENTATION_COMMENTS = YES;
				CLANG_WARN_EMPTY_BODY = YES;
				CLANG_WARN_ENUM_CONVERSION = YES;
				CLANG_WARN_INFINITE_RECURSION = YES;
				CLANG_WARN_INT_CONVERSION = YES;
				CLANG_WARN_NON_LITERAL_NULL_CONVERSION = YES;
				CLANG_WARN_OBJC_IMPLICIT_RETAIN_SELF = YES;
				CLANG_WARN_OBJC_LITERAL_CONVERSION = YES;
				CLANG_WARN_OBJC_ROOT_CLASS = YES_ERROR;
				CLANG_WARN_RANGE_LOOP_ANALYSIS = YES;
				CLANG_WARN_STRICT_PROTOTYPES = YES;
				CLANG_WARN_SUSPICIOUS_MOVE = YES;
				CLANG_WARN_UNGUARDED_AVAILABILITY = YES_AGGRESSIVE;
				CLANG_WARN_UNREACHABLE_CODE = YES;
				CLANG_WARN__DUPLICATE_METHOD_MATCH = YES;
				CODE_SIGN_IDENTITY = "iPhone Developer";
				COPY_PHASE_STRIP = NO;
				DEBUG_INFORMATION_FORMAT = "dwarf-with-dsym";
				ENABLE_NS_ASSERTIONS = NO;
				ENABLE_STRICT_OBJC_MSGSEND = YES;
				GCC_C_LANGUAGE_STANDARD = gnu11;
				GCC_NO_COMMON_BLOCKS = YES;
				GCC_WARN_64_TO_32_BIT_CONVERSION = YES;
				GCC_WARN_ABOUT_RETURN_TYPE = YES_ERROR;
				GCC_WARN_UNDECLARED_SELECTOR = YES;
				GCC_WARN_UNINITIALIZED_AUTOS = YES_AGGRESSIVE;
				GCC_WARN_UNUSED_FUNCTION = YES;
				GCC_WARN_UNUSED_VARIABLE = YES;
				IPHONEOS_DEPLOYMENT_TARGET = 11.3;
				MTL_ENABLE_DEBUG_INFO = NO;
				SDKROOT = iphoneos;
				SWIFT_COMPILATION_MODE = wholemodule;
				SWIFT_OPTIMIZATION_LEVEL = "-O";
				VALIDATE_PRODUCT = YES;
			};
			name = Release;
		};
		9829300A20BCC90900FAEAB4 /* Debug */ = {
			isa = XCBuildConfiguration;
			buildSettings = {
				ASSETCATALOG_COMPILER_APPICON_NAME = AppIcon;
				CODE_SIGN_STYLE = Automatic;
				DEVELOPMENT_TEAM = K263L273XJ;
				INFOPLIST_FILE = geradornumeros/Info.plist;
				LD_RUNPATH_SEARCH_PATHS = (
					"$(inherited)",
					"@executable_path/Frameworks",
				);
				PRODUCT_BUNDLE_IDENTIFIER = br.com.vinicius.ios.geradornumeros;
				PRODUCT_NAME = "$(TARGET_NAME)";
				SWIFT_VERSION = 4.0;
				TARGETED_DEVICE_FAMILY = "1,2";
			};
			name = Debug;
		};
		9829300B20BCC90900FAEAB4 /* Release */ = {
			isa = XCBuildConfiguration;
			buildSettings = {
				ASSETCATALOG_COMPILER_APPICON_NAME = AppIcon;
				CODE_SIGN_STYLE = Automatic;
				DEVELOPMENT_TEAM = K263L273XJ;
				INFOPLIST_FILE = geradornumeros/Info.plist;
				LD_RUNPATH_SEARCH_PATHS = (
					"$(inherited)",
					"@executable_path/Frameworks",
				);
				PRODUCT_BUNDLE_IDENTIFIER = br.com.vinicius.ios.geradornumeros;
				PRODUCT_NAME = "$(TARGET_NAME)";
				SWIFT_VERSION = 4.0;
				TARGETED_DEVICE_FAMILY = "1,2";
			};
			name = Release;
		};
/* End XCBuildConfiguration section */

/* Begin XCConfigurationList section */
		98292FF220BCC90600FAEAB4 /* Build configuration list for PBXProject "geradornumeros" */ = {
			isa = XCConfigurationList;
			buildConfigurations = (
				9829300720BCC90900FAEAB4 /* Debug */,
				9829300820BCC90900FAEAB4 /* Release */,
			);
			defaultConfigurationIsVisible = 0;
			defaultConfigurationName = Release;
		};
		9829300920BCC90900FAEAB4 /* Build configuration list for PBXNativeTarget "geradornumeros" */ = {
			isa = XCConfigurationList;
			buildConfigurations = (
				9829300A20BCC90900FAEAB4 /* Debug */,
				9829300B20BCC90900FAEAB4 /* Release */,
			);
			defaultConfigurationIsVisible = 0;
			defaultConfigurationName = Release;
		};
/* End XCConfigurationList section */
	};
	rootObject = 98292FEF20BCC90600FAEAB4 /* Project object */;
}
