// !$*UTF8*$!
{
	archiveVersion = 1;
	classes = {
	};
	objectVersion = 50;
	objects = {

/* Begin PBXBuildFile section */
		980CFD6720F1A875001CA27E /* CoreDataPokemon.swift in Sources */ = {isa = PBXBuildFile; fileRef = 980CFD6620F1A875001CA27E /* CoreDataPokemon.swift */; };
		9883CD3120F26BDA00EDDA21 /* PokemonAnnotationMapView.swift in Sources */ = {isa = PBXBuildFile; fileRef = 9883CD3020F26BDA00EDDA21 /* PokemonAnnotationMapView.swift */; };
		9883CD3320F2752D00EDDA21 /* PokemonScheduleViewController.swift in Sources */ = {isa = PBXBuildFile; fileRef = 9883CD3220F2752D00EDDA21 /* PokemonScheduleViewController.swift */; };
		98FB5ED020F13100007689AE /* AppDelegate.swift in Sources */ = {isa = PBXBuildFile; fileRef = 98FB5ECF20F13100007689AE /* AppDelegate.swift */; };
		98FB5ED220F13100007689AE /* ViewController.swift in Sources */ = {isa = PBXBuildFile; fileRef = 98FB5ED120F13100007689AE /* ViewController.swift */; };
		98FB5ED520F13100007689AE /* Main.storyboard in Resources */ = {isa = PBXBuildFile; fileRef = 98FB5ED320F13100007689AE /* Main.storyboard */; };
		98FB5ED820F13100007689AE /* PokemonGO_Simple_Clone.xcdatamodeld in Sources */ = {isa = PBXBuildFile; fileRef = 98FB5ED620F13100007689AE /* PokemonGO_Simple_Clone.xcdatamodeld */; };
		98FB5EDA20F13101007689AE /* Assets.xcassets in Resources */ = {isa = PBXBuildFile; fileRef = 98FB5ED920F13101007689AE /* Assets.xcassets */; };
		98FB5EDD20F13101007689AE /* LaunchScreen.storyboard in Resources */ = {isa = PBXBuildFile; fileRef = 98FB5EDB20F13101007689AE /* LaunchScreen.storyboard */; };
		98FB5EE620F131A5007689AE /* MapKit.framework in Frameworks */ = {isa = PBXBuildFile; fileRef = 98FB5EE520F131A4007689AE /* MapKit.framework */; };
/* End PBXBuildFile section */

/* Begin PBXFileReference section */
		980CFD6620F1A875001CA27E /* CoreDataPokemon.swift */ = {isa = PBXFileReference; lastKnownFileType = sourcecode.swift; path = CoreDataPokemon.swift; sourceTree = "<group>"; };
		9883CD3020F26BDA00EDDA21 /* PokemonAnnotationMapView.swift */ = {isa = PBXFileReference; lastKnownFileType = sourcecode.swift; path = PokemonAnnotationMapView.swift; sourceTree = "<group>"; };
		9883CD3220F2752D00EDDA21 /* PokemonScheduleViewController.swift */ = {isa = PBXFileReference; lastKnownFileType = sourcecode.swift; path = PokemonScheduleViewController.swift; sourceTree = "<group>"; };
		98FB5ECC20F13100007689AE /* PokemonGO Simple Clone.app */ = {isa = PBXFileReference; explicitFileType = wrapper.application; includeInIndex = 0; path = "PokemonGO Simple Clone.app"; sourceTree = BUILT_PRODUCTS_DIR; };
		98FB5ECF20F13100007689AE /* AppDelegate.swift */ = {isa = PBXFileReference; lastKnownFileType = sourcecode.swift; path = AppDelegate.swift; sourceTree = "<group>"; };
		98FB5ED120F13100007689AE /* ViewController.swift */ = {isa = PBXFileReference; lastKnownFileType = sourcecode.swift; path = ViewController.swift; sourceTree = "<group>"; };
		98FB5ED420F13100007689AE /* Base */ = {isa = PBXFileReference; lastKnownFileType = file.storyboard; name = Base; path = Base.lproj/Main.storyboard; sourceTree = "<group>"; };
		98FB5ED720F13100007689AE /* PokemonGO_Simple_Clone.xcdatamodel */ = {isa = PBXFileReference; lastKnownFileType = wrapper.xcdatamodel; path = PokemonGO_Simple_Clone.xcdatamodel; sourceTree = "<group>"; };
		98FB5ED920F13101007689AE /* Assets.xcassets */ = {isa = PBXFileReference; lastKnownFileType = folder.assetcatalog; path = Assets.xcassets; sourceTree = "<group>"; };
		98FB5EDC20F13101007689AE /* Base */ = {isa = PBXFileReference; lastKnownFileType = file.storyboard; name = Base; path = Base.lproj/LaunchScreen.storyboard; sourceTree = "<group>"; };
		98FB5EDE20F13101007689AE /* Info.plist */ = {isa = PBXFileReference; lastKnownFileType = text.plist.xml; path = Info.plist; sourceTree = "<group>"; };
		98FB5EE520F131A4007689AE /* MapKit.framework */ = {isa = PBXFileReference; lastKnownFileType = wrapper.framework; name = MapKit.framework; path = System/Library/Frameworks/MapKit.framework; sourceTree = SDKROOT; };
/* End PBXFileReference section */

/* Begin PBXFrameworksBuildPhase section */
		98FB5EC920F13100007689AE /* Frameworks */ = {
			isa = PBXFrameworksBuildPhase;
			buildActionMask = 2147483647;
			files = (
				98FB5EE620F131A5007689AE /* MapKit.framework in Frameworks */,
			);
			runOnlyForDeploymentPostprocessing = 0;
		};
/* End PBXFrameworksBuildPhase section */

/* Begin PBXGroup section */
		98FB5EC320F13100007689AE = {
			isa = PBXGroup;
			children = (
				98FB5ECE20F13100007689AE /* PokemonGO Simple Clone */,
				98FB5ECD20F13100007689AE /* Products */,
				98FB5EE420F131A4007689AE /* Frameworks */,
			);
			sourceTree = "<group>";
		};
		98FB5ECD20F13100007689AE /* Products */ = {
			isa = PBXGroup;
			children = (
				98FB5ECC20F13100007689AE /* PokemonGO Simple Clone.app */,
			);
			name = Products;
			sourceTree = "<group>";
		};
		98FB5ECE20F13100007689AE /* PokemonGO Simple Clone */ = {
			isa = PBXGroup;
			children = (
				98FB5ECF20F13100007689AE /* AppDelegate.swift */,
				980CFD6620F1A875001CA27E /* CoreDataPokemon.swift */,
				9883CD3020F26BDA00EDDA21 /* PokemonAnnotationMapView.swift */,
				9883CD3220F2752D00EDDA21 /* PokemonScheduleViewController.swift */,
				98FB5ED120F13100007689AE /* ViewController.swift */,
				98FB5ED320F13100007689AE /* Main.storyboard */,
				98FB5ED920F13101007689AE /* Assets.xcassets */,
				98FB5EDB20F13101007689AE /* LaunchScreen.storyboard */,
				98FB5EDE20F13101007689AE /* Info.plist */,
				98FB5ED620F13100007689AE /* PokemonGO_Simple_Clone.xcdatamodeld */,
			);
			path = "PokemonGO Simple Clone";
			sourceTree = "<group>";
		};
		98FB5EE420F131A4007689AE /* Frameworks */ = {
			isa = PBXGroup;
			children = (
				98FB5EE520F131A4007689AE /* MapKit.framework */,
			);
			name = Frameworks;
			sourceTree = "<group>";
		};
/* End PBXGroup section */

/* Begin PBXNativeTarget section */
		98FB5ECB20F13100007689AE /* PokemonGO Simple Clone */ = {
			isa = PBXNativeTarget;
			buildConfigurationList = 98FB5EE120F13101007689AE /* Build configuration list for PBXNativeTarget "PokemonGO Simple Clone" */;
			buildPhases = (
				98FB5EC820F13100007689AE /* Sources */,
				98FB5EC920F13100007689AE /* Frameworks */,
				98FB5ECA20F13100007689AE /* Resources */,
			);
			buildRules = (
			);
			dependencies = (
			);
			name = "PokemonGO Simple Clone";
			productName = "PokemonGO Simple Clone";
			productReference = 98FB5ECC20F13100007689AE /* PokemonGO Simple Clone.app */;
			productType = "com.apple.product-type.application";
		};
/* End PBXNativeTarget section */

/* Begin PBXProject section */
		98FB5EC420F13100007689AE /* Project object */ = {
			isa = PBXProject;
			attributes = {
				LastSwiftUpdateCheck = 0940;
				LastUpgradeCheck = 0940;
				ORGANIZATIONNAME = "Vinícius Rodrigues Duarte";
				TargetAttributes = {
					98FB5ECB20F13100007689AE = {
						CreatedOnToolsVersion = 9.4.1;
					};
				};
			};
			buildConfigurationList = 98FB5EC720F13100007689AE /* Build configuration list for PBXProject "PokemonGO Simple Clone" */;
			compatibilityVersion = "Xcode 9.3";
			developmentRegion = en;
			hasScannedForEncodings = 0;
			knownRegions = (
				en,
				Base,
			);
			mainGroup = 98FB5EC320F13100007689AE;
			productRefGroup = 98FB5ECD20F13100007689AE /* Products */;
			projectDirPath = "";
			projectRoot = "";
			targets = (
				98FB5ECB20F13100007689AE /* PokemonGO Simple Clone */,
			);
		};
/* End PBXProject section */

/* Begin PBXResourcesBuildPhase section */
		98FB5ECA20F13100007689AE /* Resources */ = {
			isa = PBXResourcesBuildPhase;
			buildActionMask = 2147483647;
			files = (
				98FB5EDD20F13101007689AE /* LaunchScreen.storyboard in Resources */,
				98FB5EDA20F13101007689AE /* Assets.xcassets in Resources */,
				98FB5ED520F13100007689AE /* Main.storyboard in Resources */,
			);
			runOnlyForDeploymentPostprocessing = 0;
		};
/* End PBXResourcesBuildPhase section */

/* Begin PBXSourcesBuildPhase section */
		98FB5EC820F13100007689AE /* Sources */ = {
			isa = PBXSourcesBuildPhase;
			buildActionMask = 2147483647;
			files = (
				980CFD6720F1A875001CA27E /* CoreDataPokemon.swift in Sources */,
				9883CD3120F26BDA00EDDA21 /* PokemonAnnotationMapView.swift in Sources */,
				98FB5ED220F13100007689AE /* ViewController.swift in Sources */,
				9883CD3320F2752D00EDDA21 /* PokemonScheduleViewController.swift in Sources */,
				98FB5ED820F13100007689AE /* PokemonGO_Simple_Clone.xcdatamodeld in Sources */,
				98FB5ED020F13100007689AE /* AppDelegate.swift in Sources */,
			);
			runOnlyForDeploymentPostprocessing = 0;
		};
/* End PBXSourcesBuildPhase section */

/* Begin PBXVariantGroup section */
		98FB5ED320F13100007689AE /* Main.storyboard */ = {
			isa = PBXVariantGroup;
			children = (
				98FB5ED420F13100007689AE /* Base */,
			);
			name = Main.storyboard;
			sourceTree = "<group>";
		};
		98FB5EDB20F13101007689AE /* LaunchScreen.storyboard */ = {
			isa = PBXVariantGroup;
			children = (
				98FB5EDC20F13101007689AE /* Base */,
			);
			name = LaunchScreen.storyboard;
			sourceTree = "<group>";
		};
/* End PBXVariantGroup section */

/* Begin XCBuildConfiguration section */
		98FB5EDF20F13101007689AE /* Debug */ = {
			isa = XCBuildConfiguration;
			buildSettings = {
				ALWAYS_SEARCH_USER_PATHS = NO;
				CLANG_ANALYZER_NONNULL = YES;
				CLANG_ANALYZER_NUMBER_OBJECT_CONVERSION = YES_AGGRESSIVE;
				CLANG_CXX_LANGUAGE_STANDARD = "gnu++14";
				CLANG_CXX_LIBRARY = "libc++";
				CLANG_ENABLE_MODULES = YES;
				CLANG_ENABLE_OBJC_ARC = YES;
				CLANG_ENABLE_OBJC_WEAK = YES;
				CLANG_WARN_BLOCK_CAPTURE_AUTORELEASING = YES;
				CLANG_WARN_BOOL_CONVERSION = YES;
				CLANG_WARN_COMMA = YES;
				CLANG_WARN_CONSTANT_CONVERSION = YES;
				CLANG_WARN_DEPRECATED_OBJC_IMPLEMENTATIONS = YES;
				CLANG_WARN_DIRECT_OBJC_ISA_USAGE = YES_ERROR;
				CLANG_WARN_DOCUMENTATION_COMMENTS = YES;
				CLANG_WARN_EMPTY_BODY = YES;
				CLANG_WARN_ENUM_CONVERSION = YES;
				CLANG_WARN_INFINITE_RECURSION = YES;
				CLANG_WARN_INT_CONVERSION = YES;
				CLANG_WARN_NON_LITERAL_NULL_CONVERSION = YES;
				CLANG_WARN_OBJC_IMPLICIT_RETAIN_SELF = YES;
				CLANG_WARN_OBJC_LITERAL_CONVERSION = YES;
				CLANG_WARN_OBJC_ROOT_CLASS = YES_ERROR;
				CLANG_WARN_RANGE_LOOP_ANALYSIS = YES;
				CLANG_WARN_STRICT_PROTOTYPES = YES;
				CLANG_WARN_SUSPICIOUS_MOVE = YES;
				CLANG_WARN_UNGUARDED_AVAILABILITY = YES_AGGRESSIVE;
				CLANG_WARN_UNREACHABLE_CODE = YES;
				CLANG_WARN__DUPLICATE_METHOD_MATCH = YES;
				CODE_SIGN_IDENTITY = "iPhone Developer";
				COPY_PHASE_STRIP = NO;
				DEBUG_INFORMATION_FORMAT = dwarf;
				ENABLE_STRICT_OBJC_MSGSEND = YES;
				ENABLE_TESTABILITY = YES;
				GCC_C_LANGUAGE_STANDARD = gnu11;
				GCC_DYNAMIC_NO_PIC = NO;
				GCC_NO_COMMON_BLOCKS = YES;
				GCC_OPTIMIZATION_LEVEL = 0;
				GCC_PREPROCESSOR_DEFINITIONS = (
					"DEBUG=1",
					"$(inherited)",
				);
				GCC_WARN_64_TO_32_BIT_CONVERSION = YES;
				GCC_WARN_ABOUT_RETURN_TYPE = YES_ERROR;
				GCC_WARN_UNDECLARED_SELECTOR = YES;
				GCC_WARN_UNINITIALIZED_AUTOS = YES_AGGRESSIVE;
				GCC_WARN_UNUSED_FUNCTION = YES;
				GCC_WARN_UNUSED_VARIABLE = YES;
				IPHONEOS_DEPLOYMENT_TARGET = 11.4;
				MTL_ENABLE_DEBUG_INFO = YES;
				ONLY_ACTIVE_ARCH = YES;
				SDKROOT = iphoneos;
				SWIFT_ACTIVE_COMPILATION_CONDITIONS = DEBUG;
				SWIFT_OPTIMIZATION_LEVEL = "-Onone";
			};
			name = Debug;
		};
		98FB5EE020F13101007689AE /* Release */ = {
			isa = XCBuildConfiguration;
			buildSettings = {
				ALWAYS_SEARCH_USER_PATHS = NO;
				CLANG_ANALYZER_NONNULL = YES;
				CLANG_ANALYZER_NUMBER_OBJECT_CONVERSION = YES_AGGRESSIVE;
				CLANG_CXX_LANGUAGE_STANDARD = "gnu++14";
				CLANG_CXX_LIBRARY = "libc++";
				CLANG_ENABLE_MODULES = YES;
				CLANG_ENABLE_OBJC_ARC = YES;
				CLANG_ENABLE_OBJC_WEAK = YES;
				CLANG_WARN_BLOCK_CAPTURE_AUTORELEASING = YES;
				CLANG_WARN_BOOL_CONVERSION = YES;
				CLANG_WARN_COMMA = YES;
				CLANG_WARN_CONSTANT_CONVERSION = YES;
				CLANG_WARN_DEPRECATED_OBJC_IMPLEMENTATIONS = YES;
				CLANG_WARN_DIRECT_OBJC_ISA_USAGE = YES_ERROR;
				CLANG_WARN_DOCUMENTATION_COMMENTS = YES;
				CLANG_WARN_EMPTY_BODY = YES;
				CLANG_WARN_ENUM_CONVERSION = YES;
				CLANG_WARN_INFINITE_RECURSION = YES;
				CLANG_WARN_INT_CONVERSION = YES;
				CLANG_WARN_NON_LITERAL_NULL_CONVERSION = YES;
				CLANG_WARN_OBJC_IMPLICIT_RETAIN_SELF = YES;
				CLANG_WARN_OBJC_LITERAL_CONVERSION = YES;
				CLANG_WARN_OBJC_ROOT_CLASS = YES_ERROR;
				CLANG_WARN_RANGE_LOOP_ANALYSIS = YES;
				CLANG_WARN_STRICT_PROTOTYPES = YES;
				CLANG_WARN_SUSPICIOUS_MOVE = YES;
				CLANG_WARN_UNGUARDED_AVAILABILITY = YES_AGGRESSIVE;
				CLANG_WARN_UNREACHABLE_CODE = YES;
				CLANG_WARN__DUPLICATE_METHOD_MATCH = YES;
				CODE_SIGN_IDENTITY = "iPhone Developer";
				COPY_PHASE_STRIP = NO;
				DEBUG_INFORMATION_FORMAT = "dwarf-with-dsym";
				ENABLE_NS_ASSERTIONS = NO;
				ENABLE_STRICT_OBJC_MSGSEND = YES;
				GCC_C_LANGUAGE_STANDARD = gnu11;
				GCC_NO_COMMON_BLOCKS = YES;
				GCC_WARN_64_TO_32_BIT_CONVERSION = YES;
				GCC_WARN_ABOUT_RETURN_TYPE = YES_ERROR;
				GCC_WARN_UNDECLARED_SELECTOR = YES;
				GCC_WARN_UNINITIALIZED_AUTOS = YES_AGGRESSIVE;
				GCC_WARN_UNUSED_FUNCTION = YES;
				GCC_WARN_UNUSED_VARIABLE = YES;
				IPHONEOS_DEPLOYMENT_TARGET = 11.4;
				MTL_ENABLE_DEBUG_INFO = NO;
				SDKROOT = iphoneos;
				SWIFT_COMPILATION_MODE = wholemodule;
				SWIFT_OPTIMIZATION_LEVEL = "-O";
				VALIDATE_PRODUCT = YES;
			};
			name = Release;
		};
		98FB5EE220F13101007689AE /* Debug */ = {
			isa = XCBuildConfiguration;
			buildSettings = {
				ASSETCATALOG_COMPILER_APPICON_NAME = AppIcon;
				CODE_SIGN_STYLE = Automatic;
				DEVELOPMENT_TEAM = K263L273XJ;
				INFOPLIST_FILE = "PokemonGO Simple Clone/Info.plist";
				LD_RUNPATH_SEARCH_PATHS = (
					"$(inherited)",
					"@executable_path/Frameworks",
				);
				PRODUCT_BUNDLE_IDENTIFIER = "br.com.vinicius.ios.PokemonGO-Simple-Clone";
				PRODUCT_NAME = "$(TARGET_NAME)";
				SWIFT_VERSION = 4.0;
				TARGETED_DEVICE_FAMILY = "1,2";
			};
			name = Debug;
		};
		98FB5EE320F13101007689AE /* Release */ = {
			isa = XCBuildConfiguration;
			buildSettings = {
				ASSETCATALOG_COMPILER_APPICON_NAME = AppIcon;
				CODE_SIGN_STYLE = Automatic;
				DEVELOPMENT_TEAM = K263L273XJ;
				INFOPLIST_FILE = "PokemonGO Simple Clone/Info.plist";
				LD_RUNPATH_SEARCH_PATHS = (
					"$(inherited)",
					"@executable_path/Frameworks",
				);
				PRODUCT_BUNDLE_IDENTIFIER = "br.com.vinicius.ios.PokemonGO-Simple-Clone";
				PRODUCT_NAME = "$(TARGET_NAME)";
				SWIFT_VERSION = 4.0;
				TARGETED_DEVICE_FAMILY = "1,2";
			};
			name = Release;
		};
/* End XCBuildConfiguration section */

/* Begin XCConfigurationList section */
		98FB5EC720F13100007689AE /* Build configuration list for PBXProject "PokemonGO Simple Clone" */ = {
			isa = XCConfigurationList;
			buildConfigurations = (
				98FB5EDF20F13101007689AE /* Debug */,
				98FB5EE020F13101007689AE /* Release */,
			);
			defaultConfigurationIsVisible = 0;
			defaultConfigurationName = Release;
		};
		98FB5EE120F13101007689AE /* Build configuration list for PBXNativeTarget "PokemonGO Simple Clone" */ = {
			isa = XCConfigurationList;
			buildConfigurations = (
				98FB5EE220F13101007689AE /* Debug */,
				98FB5EE320F13101007689AE /* Release */,
			);
			defaultConfigurationIsVisible = 0;
			defaultConfigurationName = Release;
		};
/* End XCConfigurationList section */

/* Begin XCVersionGroup section */
		98FB5ED620F13100007689AE /* PokemonGO_Simple_Clone.xcdatamodeld */ = {
			isa = XCVersionGroup;
			children = (
				98FB5ED720F13100007689AE /* PokemonGO_Simple_Clone.xcdatamodel */,
			);
			currentVersion = 98FB5ED720F13100007689AE /* PokemonGO_Simple_Clone.xcdatamodel */;
			path = PokemonGO_Simple_Clone.xcdatamodeld;
			sourceTree = "<group>";
			versionGroupType = wrapper.xcdatamodel;
		};
/* End XCVersionGroup section */
	};
	rootObject = 98FB5EC420F13100007689AE /* Project object */;
}
