// !$*UTF8*$!
{
	archiveVersion = 1;
	classes = {
	};
	objectVersion = 50;
	objects = {

/* Begin PBXBuildFile section */
		6E22557A2279DE2700636163 /* AppDelegate.swift in Sources */ = {isa = PBXBuildFile; fileRef = 6E2255792279DE2700636163 /* AppDelegate.swift */; };
		6E22557F2279DE2700636163 /* Main.storyboard in Resources */ = {isa = PBXBuildFile; fileRef = 6E22557D2279DE2700636163 /* Main.storyboard */; };
		6E2255822279DE2700636163 /* MyGames.xcdatamodeld in Sources */ = {isa = PBXBuildFile; fileRef = 6E2255802279DE2700636163 /* MyGames.xcdatamodeld */; };
		6E2255842279DE2800636163 /* Assets.xcassets in Resources */ = {isa = PBXBuildFile; fileRef = 6E2255832279DE2800636163 /* Assets.xcassets */; };
		6E2255872279DE2800636163 /* LaunchScreen.storyboard in Resources */ = {isa = PBXBuildFile; fileRef = 6E2255852279DE2800636163 /* LaunchScreen.storyboard */; };
		6E22558F227A01C100636163 /* GamesTableViewController.swift in Sources */ = {isa = PBXBuildFile; fileRef = 6E22558E227A01C100636163 /* GamesTableViewController.swift */; };
		6E225591227A01CD00636163 /* ConsolesTableViewController.swift in Sources */ = {isa = PBXBuildFile; fileRef = 6E225590227A01CD00636163 /* ConsolesTableViewController.swift */; };
		6E225593227A01EE00636163 /* GameViewController.swift in Sources */ = {isa = PBXBuildFile; fileRef = 6E225592227A01EE00636163 /* GameViewController.swift */; };
		6E225595227A020A00636163 /* AddEditViewController.swift in Sources */ = {isa = PBXBuildFile; fileRef = 6E225594227A020A00636163 /* AddEditViewController.swift */; };
		6E225597227A028800636163 /* GameTableViewCell.swift in Sources */ = {isa = PBXBuildFile; fileRef = 6E225596227A028800636163 /* GameTableViewCell.swift */; };
		6E225599227A0B0800636163 /* ViewController+CoreData.swift in Sources */ = {isa = PBXBuildFile; fileRef = 6E225598227A0B0800636163 /* ViewController+CoreData.swift */; };
		6E2BAE4822BC1EA4003064E7 /* ConsolesManager.swift in Sources */ = {isa = PBXBuildFile; fileRef = 6E2BAE4722BC1EA4003064E7 /* ConsolesManager.swift */; };
/* End PBXBuildFile section */

/* Begin PBXFileReference section */
		6E2255762279DE2700636163 /* MyGames.app */ = {isa = PBXFileReference; explicitFileType = wrapper.application; includeInIndex = 0; path = MyGames.app; sourceTree = BUILT_PRODUCTS_DIR; };
		6E2255792279DE2700636163 /* AppDelegate.swift */ = {isa = PBXFileReference; lastKnownFileType = sourcecode.swift; path = AppDelegate.swift; sourceTree = "<group>"; };
		6E22557E2279DE2700636163 /* Base */ = {isa = PBXFileReference; lastKnownFileType = file.storyboard; name = Base; path = Base.lproj/Main.storyboard; sourceTree = "<group>"; };
		6E2255812279DE2700636163 /* MyGames.xcdatamodel */ = {isa = PBXFileReference; lastKnownFileType = wrapper.xcdatamodel; path = MyGames.xcdatamodel; sourceTree = "<group>"; };
		6E2255832279DE2800636163 /* Assets.xcassets */ = {isa = PBXFileReference; lastKnownFileType = folder.assetcatalog; path = Assets.xcassets; sourceTree = "<group>"; };
		6E2255862279DE2800636163 /* Base */ = {isa = PBXFileReference; lastKnownFileType = file.storyboard; name = Base; path = Base.lproj/LaunchScreen.storyboard; sourceTree = "<group>"; };
		6E2255882279DE2800636163 /* Info.plist */ = {isa = PBXFileReference; lastKnownFileType = text.plist.xml; path = Info.plist; sourceTree = "<group>"; };
		6E22558E227A01C100636163 /* GamesTableViewController.swift */ = {isa = PBXFileReference; lastKnownFileType = sourcecode.swift; path = GamesTableViewController.swift; sourceTree = "<group>"; };
		6E225590227A01CD00636163 /* ConsolesTableViewController.swift */ = {isa = PBXFileReference; lastKnownFileType = sourcecode.swift; path = ConsolesTableViewController.swift; sourceTree = "<group>"; };
		6E225592227A01EE00636163 /* GameViewController.swift */ = {isa = PBXFileReference; lastKnownFileType = sourcecode.swift; path = GameViewController.swift; sourceTree = "<group>"; };
		6E225594227A020A00636163 /* AddEditViewController.swift */ = {isa = PBXFileReference; lastKnownFileType = sourcecode.swift; path = AddEditViewController.swift; sourceTree = "<group>"; };
		6E225596227A028800636163 /* GameTableViewCell.swift */ = {isa = PBXFileReference; lastKnownFileType = sourcecode.swift; path = GameTableViewCell.swift; sourceTree = "<group>"; };
		6E225598227A0B0800636163 /* ViewController+CoreData.swift */ = {isa = PBXFileReference; lastKnownFileType = sourcecode.swift; path = "ViewController+CoreData.swift"; sourceTree = "<group>"; };
		6E2BAE4722BC1EA4003064E7 /* ConsolesManager.swift */ = {isa = PBXFileReference; lastKnownFileType = sourcecode.swift; path = ConsolesManager.swift; sourceTree = "<group>"; };
/* End PBXFileReference section */

/* Begin PBXFrameworksBuildPhase section */
		6E2255732279DE2700636163 /* Frameworks */ = {
			isa = PBXFrameworksBuildPhase;
			buildActionMask = 2147483647;
			files = (
			);
			runOnlyForDeploymentPostprocessing = 0;
		};
/* End PBXFrameworksBuildPhase section */

/* Begin PBXGroup section */
		6E22556D2279DE2700636163 = {
			isa = PBXGroup;
			children = (
				6E2255782279DE2700636163 /* MyGames */,
				6E2255772279DE2700636163 /* Products */,
			);
			sourceTree = "<group>";
		};
		6E2255772279DE2700636163 /* Products */ = {
			isa = PBXGroup;
			children = (
				6E2255762279DE2700636163 /* MyGames.app */,
			);
			name = Products;
			sourceTree = "<group>";
		};
		6E2255782279DE2700636163 /* MyGames */ = {
			isa = PBXGroup;
			children = (
				6E2255792279DE2700636163 /* AppDelegate.swift */,
				6E22557D2279DE2700636163 /* Main.storyboard */,
				6E2255832279DE2800636163 /* Assets.xcassets */,
				6E2255852279DE2800636163 /* LaunchScreen.storyboard */,
				6E2255882279DE2800636163 /* Info.plist */,
				6E2255802279DE2700636163 /* MyGames.xcdatamodeld */,
				6E22558E227A01C100636163 /* GamesTableViewController.swift */,
				6E225590227A01CD00636163 /* ConsolesTableViewController.swift */,
				6E225592227A01EE00636163 /* GameViewController.swift */,
				6E225594227A020A00636163 /* AddEditViewController.swift */,
				6E225596227A028800636163 /* GameTableViewCell.swift */,
				6E225598227A0B0800636163 /* ViewController+CoreData.swift */,
				6E2BAE4722BC1EA4003064E7 /* ConsolesManager.swift */,
			);
			path = MyGames;
			sourceTree = "<group>";
		};
/* End PBXGroup section */

/* Begin PBXNativeTarget section */
		6E2255752279DE2700636163 /* MyGames */ = {
			isa = PBXNativeTarget;
			buildConfigurationList = 6E22558B2279DE2800636163 /* Build configuration list for PBXNativeTarget "MyGames" */;
			buildPhases = (
				6E2255722279DE2700636163 /* Sources */,
				6E2255732279DE2700636163 /* Frameworks */,
				6E2255742279DE2700636163 /* Resources */,
			);
			buildRules = (
			);
			dependencies = (
			);
			name = MyGames;
			productName = MyGames;
			productReference = 6E2255762279DE2700636163 /* MyGames.app */;
			productType = "com.apple.product-type.application";
		};
/* End PBXNativeTarget section */

/* Begin PBXProject section */
		6E22556E2279DE2700636163 /* Project object */ = {
			isa = PBXProject;
			attributes = {
				LastSwiftUpdateCheck = 1010;
				LastUpgradeCheck = 1010;
				ORGANIZATIONNAME = "Vinicius Rodrigues";
				TargetAttributes = {
					6E2255752279DE2700636163 = {
						CreatedOnToolsVersion = 10.1;
						SystemCapabilities = {
							com.apple.BackgroundModes = {
								enabled = 0;
							};
						};
					};
				};
			};
			buildConfigurationList = 6E2255712279DE2700636163 /* Build configuration list for PBXProject "MyGames" */;
			compatibilityVersion = "Xcode 9.3";
			developmentRegion = en;
			hasScannedForEncodings = 0;
			knownRegions = (
				en,
				Base,
			);
			mainGroup = 6E22556D2279DE2700636163;
			productRefGroup = 6E2255772279DE2700636163 /* Products */;
			projectDirPath = "";
			projectRoot = "";
			targets = (
				6E2255752279DE2700636163 /* MyGames */,
			);
		};
/* End PBXProject section */

/* Begin PBXResourcesBuildPhase section */
		6E2255742279DE2700636163 /* Resources */ = {
			isa = PBXResourcesBuildPhase;
			buildActionMask = 2147483647;
			files = (
				6E2255872279DE2800636163 /* LaunchScreen.storyboard in Resources */,
				6E2255842279DE2800636163 /* Assets.xcassets in Resources */,
				6E22557F2279DE2700636163 /* Main.storyboard in Resources */,
			);
			runOnlyForDeploymentPostprocessing = 0;
		};
/* End PBXResourcesBuildPhase section */

/* Begin PBXSourcesBuildPhase section */
		6E2255722279DE2700636163 /* Sources */ = {
			isa = PBXSourcesBuildPhase;
			buildActionMask = 2147483647;
			files = (
				6E225597227A028800636163 /* GameTableViewCell.swift in Sources */,
				6E2BAE4822BC1EA4003064E7 /* ConsolesManager.swift in Sources */,
				6E225593227A01EE00636163 /* GameViewController.swift in Sources */,
				6E22557A2279DE2700636163 /* AppDelegate.swift in Sources */,
				6E225595227A020A00636163 /* AddEditViewController.swift in Sources */,
				6E22558F227A01C100636163 /* GamesTableViewController.swift in Sources */,
				6E225599227A0B0800636163 /* ViewController+CoreData.swift in Sources */,
				6E2255822279DE2700636163 /* MyGames.xcdatamodeld in Sources */,
				6E225591227A01CD00636163 /* ConsolesTableViewController.swift in Sources */,
			);
			runOnlyForDeploymentPostprocessing = 0;
		};
/* End PBXSourcesBuildPhase section */

/* Begin PBXVariantGroup section */
		6E22557D2279DE2700636163 /* Main.storyboard */ = {
			isa = PBXVariantGroup;
			children = (
				6E22557E2279DE2700636163 /* Base */,
			);
			name = Main.storyboard;
			sourceTree = "<group>";
		};
		6E2255852279DE2800636163 /* LaunchScreen.storyboard */ = {
			isa = PBXVariantGroup;
			children = (
				6E2255862279DE2800636163 /* Base */,
			);
			name = LaunchScreen.storyboard;
			sourceTree = "<group>";
		};
/* End PBXVariantGroup section */

/* Begin XCBuildConfiguration section */
		6E2255892279DE2800636163 /* Debug */ = {
			isa = XCBuildConfiguration;
			buildSettings = {
				ALWAYS_SEARCH_USER_PATHS = NO;
				CLANG_ANALYZER_NONNULL = YES;
				CLANG_ANALYZER_NUMBER_OBJECT_CONVERSION = YES_AGGRESSIVE;
				CLANG_CXX_LANGUAGE_STANDARD = "gnu++14";
				CLANG_CXX_LIBRARY = "libc++";
				CLANG_ENABLE_MODULES = YES;
				CLANG_ENABLE_OBJC_ARC = YES;
				CLANG_ENABLE_OBJC_WEAK = YES;
				CLANG_WARN_BLOCK_CAPTURE_AUTORELEASING = YES;
				CLANG_WARN_BOOL_CONVERSION = YES;
				CLANG_WARN_COMMA = YES;
				CLANG_WARN_CONSTANT_CONVERSION = YES;
				CLANG_WARN_DEPRECATED_OBJC_IMPLEMENTATIONS = YES;
				CLANG_WARN_DIRECT_OBJC_ISA_USAGE = YES_ERROR;
				CLANG_WARN_DOCUMENTATION_COMMENTS = YES;
				CLANG_WARN_EMPTY_BODY = YES;
				CLANG_WARN_ENUM_CONVERSION = YES;
				CLANG_WARN_INFINITE_RECURSION = YES;
				CLANG_WARN_INT_CONVERSION = YES;
				CLANG_WARN_NON_LITERAL_NULL_CONVERSION = YES;
				CLANG_WARN_OBJC_IMPLICIT_RETAIN_SELF = YES;
				CLANG_WARN_OBJC_LITERAL_CONVERSION = YES;
				CLANG_WARN_OBJC_ROOT_CLASS = YES_ERROR;
				CLANG_WARN_RANGE_LOOP_ANALYSIS = YES;
				CLANG_WARN_STRICT_PROTOTYPES = YES;
				CLANG_WARN_SUSPICIOUS_MOVE = YES;
				CLANG_WARN_UNGUARDED_AVAILABILITY = YES_AGGRESSIVE;
				CLANG_WARN_UNREACHABLE_CODE = YES;
				CLANG_WARN__DUPLICATE_METHOD_MATCH = YES;
				CODE_SIGN_IDENTITY = "iPhone Developer";
				COPY_PHASE_STRIP = NO;
				DEBUG_INFORMATION_FORMAT = dwarf;
				ENABLE_STRICT_OBJC_MSGSEND = YES;
				ENABLE_TESTABILITY = YES;
				GCC_C_LANGUAGE_STANDARD = gnu11;
				GCC_DYNAMIC_NO_PIC = NO;
				GCC_NO_COMMON_BLOCKS = YES;
				GCC_OPTIMIZATION_LEVEL = 0;
				GCC_PREPROCESSOR_DEFINITIONS = (
					"DEBUG=1",
					"$(inherited)",
				);
				GCC_WARN_64_TO_32_BIT_CONVERSION = YES;
				GCC_WARN_ABOUT_RETURN_TYPE = YES_ERROR;
				GCC_WARN_UNDECLARED_SELECTOR = YES;
				GCC_WARN_UNINITIALIZED_AUTOS = YES_AGGRESSIVE;
				GCC_WARN_UNUSED_FUNCTION = YES;
				GCC_WARN_UNUSED_VARIABLE = YES;
				IPHONEOS_DEPLOYMENT_TARGET = 12.1;
				MTL_ENABLE_DEBUG_INFO = INCLUDE_SOURCE;
				MTL_FAST_MATH = YES;
				ONLY_ACTIVE_ARCH = YES;
				SDKROOT = iphoneos;
				SWIFT_ACTIVE_COMPILATION_CONDITIONS = DEBUG;
				SWIFT_OPTIMIZATION_LEVEL = "-Onone";
			};
			name = Debug;
		};
		6E22558A2279DE2800636163 /* Release */ = {
			isa = XCBuildConfiguration;
			buildSettings = {
				ALWAYS_SEARCH_USER_PATHS = NO;
				CLANG_ANALYZER_NONNULL = YES;
				CLANG_ANALYZER_NUMBER_OBJECT_CONVERSION = YES_AGGRESSIVE;
				CLANG_CXX_LANGUAGE_STANDARD = "gnu++14";
				CLANG_CXX_LIBRARY = "libc++";
				CLANG_ENABLE_MODULES = YES;
				CLANG_ENABLE_OBJC_ARC = YES;
				CLANG_ENABLE_OBJC_WEAK = YES;
				CLANG_WARN_BLOCK_CAPTURE_AUTORELEASING = YES;
				CLANG_WARN_BOOL_CONVERSION = YES;
				CLANG_WARN_COMMA = YES;
				CLANG_WARN_CONSTANT_CONVERSION = YES;
				CLANG_WARN_DEPRECATED_OBJC_IMPLEMENTATIONS = YES;
				CLANG_WARN_DIRECT_OBJC_ISA_USAGE = YES_ERROR;
				CLANG_WARN_DOCUMENTATION_COMMENTS = YES;
				CLANG_WARN_EMPTY_BODY = YES;
				CLANG_WARN_ENUM_CONVERSION = YES;
				CLANG_WARN_INFINITE_RECURSION = YES;
				CLANG_WARN_INT_CONVERSION = YES;
				CLANG_WARN_NON_LITERAL_NULL_CONVERSION = YES;
				CLANG_WARN_OBJC_IMPLICIT_RETAIN_SELF = YES;
				CLANG_WARN_OBJC_LITERAL_CONVERSION = YES;
				CLANG_WARN_OBJC_ROOT_CLASS = YES_ERROR;
				CLANG_WARN_RANGE_LOOP_ANALYSIS = YES;
				CLANG_WARN_STRICT_PROTOTYPES = YES;
				CLANG_WARN_SUSPICIOUS_MOVE = YES;
				CLANG_WARN_UNGUARDED_AVAILABILITY = YES_AGGRESSIVE;
				CLANG_WARN_UNREACHABLE_CODE = YES;
				CLANG_WARN__DUPLICATE_METHOD_MATCH = YES;
				CODE_SIGN_IDENTITY = "iPhone Developer";
				COPY_PHASE_STRIP = NO;
				DEBUG_INFORMATION_FORMAT = "dwarf-with-dsym";
				ENABLE_NS_ASSERTIONS = NO;
				ENABLE_STRICT_OBJC_MSGSEND = YES;
				GCC_C_LANGUAGE_STANDARD = gnu11;
				GCC_NO_COMMON_BLOCKS = YES;
				GCC_WARN_64_TO_32_BIT_CONVERSION = YES;
				GCC_WARN_ABOUT_RETURN_TYPE = YES_ERROR;
				GCC_WARN_UNDECLARED_SELECTOR = YES;
				GCC_WARN_UNINITIALIZED_AUTOS = YES_AGGRESSIVE;
				GCC_WARN_UNUSED_FUNCTION = YES;
				GCC_WARN_UNUSED_VARIABLE = YES;
				IPHONEOS_DEPLOYMENT_TARGET = 12.1;
				MTL_ENABLE_DEBUG_INFO = NO;
				MTL_FAST_MATH = YES;
				SDKROOT = iphoneos;
				SWIFT_COMPILATION_MODE = wholemodule;
				SWIFT_OPTIMIZATION_LEVEL = "-O";
				VALIDATE_PRODUCT = YES;
			};
			name = Release;
		};
		6E22558C2279DE2800636163 /* Debug */ = {
			isa = XCBuildConfiguration;
			buildSettings = {
				ASSETCATALOG_COMPILER_APPICON_NAME = AppIcon;
				CODE_SIGN_STYLE = Automatic;
				DEVELOPMENT_TEAM = K263L273XJ;
				INFOPLIST_FILE = MyGames/Info.plist;
				LD_RUNPATH_SEARCH_PATHS = (
					"$(inherited)",
					"@executable_path/Frameworks",
				);
				PRODUCT_BUNDLE_IDENTIFIER = br.com.vinicius.duarte.MyGames;
				PRODUCT_NAME = "$(TARGET_NAME)";
				SWIFT_VERSION = 4.2;
				TARGETED_DEVICE_FAMILY = 1;
			};
			name = Debug;
		};
		6E22558D2279DE2800636163 /* Release */ = {
			isa = XCBuildConfiguration;
			buildSettings = {
				ASSETCATALOG_COMPILER_APPICON_NAME = AppIcon;
				CODE_SIGN_STYLE = Automatic;
				DEVELOPMENT_TEAM = K263L273XJ;
				INFOPLIST_FILE = MyGames/Info.plist;
				LD_RUNPATH_SEARCH_PATHS = (
					"$(inherited)",
					"@executable_path/Frameworks",
				);
				PRODUCT_BUNDLE_IDENTIFIER = br.com.vinicius.duarte.MyGames;
				PRODUCT_NAME = "$(TARGET_NAME)";
				SWIFT_VERSION = 4.2;
				TARGETED_DEVICE_FAMILY = 1;
			};
			name = Release;
		};
/* End XCBuildConfiguration section */

/* Begin XCConfigurationList section */
		6E2255712279DE2700636163 /* Build configuration list for PBXProject "MyGames" */ = {
			isa = XCConfigurationList;
			buildConfigurations = (
				6E2255892279DE2800636163 /* Debug */,
				6E22558A2279DE2800636163 /* Release */,
			);
			defaultConfigurationIsVisible = 0;
			defaultConfigurationName = Release;
		};
		6E22558B2279DE2800636163 /* Build configuration list for PBXNativeTarget "MyGames" */ = {
			isa = XCConfigurationList;
			buildConfigurations = (
				6E22558C2279DE2800636163 /* Debug */,
				6E22558D2279DE2800636163 /* Release */,
			);
			defaultConfigurationIsVisible = 0;
			defaultConfigurationName = Release;
		};
/* End XCConfigurationList section */

/* Begin XCVersionGroup section */
		6E2255802279DE2700636163 /* MyGames.xcdatamodeld */ = {
			isa = XCVersionGroup;
			children = (
				6E2255812279DE2700636163 /* MyGames.xcdatamodel */,
			);
			currentVersion = 6E2255812279DE2700636163 /* MyGames.xcdatamodel */;
			path = MyGames.xcdatamodeld;
			sourceTree = "<group>";
			versionGroupType = wrapper.xcdatamodel;
		};
/* End XCVersionGroup section */
	};
	rootObject = 6E22556E2279DE2700636163 /* Project object */;
}
