// !$*UTF8*$!
{
	archiveVersion = 1;
	classes = {
	};
	objectVersion = 50;
	objects = {

/* Begin PBXBuildFile section */
		6EEB4325225ABF7A00EC23BA /* AppDelegate.swift in Sources */ = {isa = PBXBuildFile; fileRef = 6EEB4324225ABF7A00EC23BA /* AppDelegate.swift */; };
		6EEB4327225ABF7A00EC23BA /* ViewController.swift in Sources */ = {isa = PBXBuildFile; fileRef = 6EEB4326225ABF7A00EC23BA /* ViewController.swift */; };
		6EEB432A225ABF7A00EC23BA /* Main.storyboard in Resources */ = {isa = PBXBuildFile; fileRef = 6EEB4328225ABF7A00EC23BA /* Main.storyboard */; };
		6EEB432C225ABF7B00EC23BA /* Assets.xcassets in Resources */ = {isa = PBXBuildFile; fileRef = 6EEB432B225ABF7B00EC23BA /* Assets.xcassets */; };
		6EEB432F225ABF7B00EC23BA /* LaunchScreen.storyboard in Resources */ = {isa = PBXBuildFile; fileRef = 6EEB432D225ABF7B00EC23BA /* LaunchScreen.storyboard */; };
		6EEB4337225AC1E000EC23BA /* DesignView.swift in Sources */ = {isa = PBXBuildFile; fileRef = 6EEB4336225AC1E000EC23BA /* DesignView.swift */; };
		6EEB4339225ACB9600EC23BA /* TableViewCell.swift in Sources */ = {isa = PBXBuildFile; fileRef = 6EEB4338225ACB9600EC23BA /* TableViewCell.swift */; };
/* End PBXBuildFile section */

/* Begin PBXFileReference section */
		6EEB4321225ABF7A00EC23BA /* CardTable.app */ = {isa = PBXFileReference; explicitFileType = wrapper.application; includeInIndex = 0; path = CardTable.app; sourceTree = BUILT_PRODUCTS_DIR; };
		6EEB4324225ABF7A00EC23BA /* AppDelegate.swift */ = {isa = PBXFileReference; lastKnownFileType = sourcecode.swift; path = AppDelegate.swift; sourceTree = "<group>"; };
		6EEB4326225ABF7A00EC23BA /* ViewController.swift */ = {isa = PBXFileReference; lastKnownFileType = sourcecode.swift; path = ViewController.swift; sourceTree = "<group>"; };
		6EEB4329225ABF7A00EC23BA /* Base */ = {isa = PBXFileReference; lastKnownFileType = file.storyboard; name = Base; path = Base.lproj/Main.storyboard; sourceTree = "<group>"; };
		6EEB432B225ABF7B00EC23BA /* Assets.xcassets */ = {isa = PBXFileReference; lastKnownFileType = folder.assetcatalog; path = Assets.xcassets; sourceTree = "<group>"; };
		6EEB432E225ABF7B00EC23BA /* Base */ = {isa = PBXFileReference; lastKnownFileType = file.storyboard; name = Base; path = Base.lproj/LaunchScreen.storyboard; sourceTree = "<group>"; };
		6EEB4330225ABF7B00EC23BA /* Info.plist */ = {isa = PBXFileReference; lastKnownFileType = text.plist.xml; path = Info.plist; sourceTree = "<group>"; };
		6EEB4336225AC1E000EC23BA /* DesignView.swift */ = {isa = PBXFileReference; lastKnownFileType = sourcecode.swift; path = DesignView.swift; sourceTree = "<group>"; };
		6EEB4338225ACB9600EC23BA /* TableViewCell.swift */ = {isa = PBXFileReference; lastKnownFileType = sourcecode.swift; path = TableViewCell.swift; sourceTree = "<group>"; };
/* End PBXFileReference section */

/* Begin PBXFrameworksBuildPhase section */
		6EEB431E225ABF7A00EC23BA /* Frameworks */ = {
			isa = PBXFrameworksBuildPhase;
			buildActionMask = 2147483647;
			files = (
			);
			runOnlyForDeploymentPostprocessing = 0;
		};
/* End PBXFrameworksBuildPhase section */

/* Begin PBXGroup section */
		6EEB4318225ABF7A00EC23BA = {
			isa = PBXGroup;
			children = (
				6EEB4323225ABF7A00EC23BA /* CardTable */,
				6EEB4322225ABF7A00EC23BA /* Products */,
			);
			sourceTree = "<group>";
		};
		6EEB4322225ABF7A00EC23BA /* Products */ = {
			isa = PBXGroup;
			children = (
				6EEB4321225ABF7A00EC23BA /* CardTable.app */,
			);
			name = Products;
			sourceTree = "<group>";
		};
		6EEB4323225ABF7A00EC23BA /* CardTable */ = {
			isa = PBXGroup;
			children = (
				6EEB4324225ABF7A00EC23BA /* AppDelegate.swift */,
				6EEB4326225ABF7A00EC23BA /* ViewController.swift */,
				6EEB4328225ABF7A00EC23BA /* Main.storyboard */,
				6EEB432B225ABF7B00EC23BA /* Assets.xcassets */,
				6EEB432D225ABF7B00EC23BA /* LaunchScreen.storyboard */,
				6EEB4330225ABF7B00EC23BA /* Info.plist */,
				6EEB4336225AC1E000EC23BA /* DesignView.swift */,
				6EEB4338225ACB9600EC23BA /* TableViewCell.swift */,
			);
			path = CardTable;
			sourceTree = "<group>";
		};
/* End PBXGroup section */

/* Begin PBXNativeTarget section */
		6EEB4320225ABF7A00EC23BA /* CardTable */ = {
			isa = PBXNativeTarget;
			buildConfigurationList = 6EEB4333225ABF7B00EC23BA /* Build configuration list for PBXNativeTarget "CardTable" */;
			buildPhases = (
				6EEB431D225ABF7A00EC23BA /* Sources */,
				6EEB431E225ABF7A00EC23BA /* Frameworks */,
				6EEB431F225ABF7A00EC23BA /* Resources */,
			);
			buildRules = (
			);
			dependencies = (
			);
			name = CardTable;
			productName = CardTable;
			productReference = 6EEB4321225ABF7A00EC23BA /* CardTable.app */;
			productType = "com.apple.product-type.application";
		};
/* End PBXNativeTarget section */

/* Begin PBXProject section */
		6EEB4319225ABF7A00EC23BA /* Project object */ = {
			isa = PBXProject;
			attributes = {
				LastSwiftUpdateCheck = 1010;
				LastUpgradeCheck = 1010;
				ORGANIZATIONNAME = "Vinicius Rodrigues";
				TargetAttributes = {
					6EEB4320225ABF7A00EC23BA = {
						CreatedOnToolsVersion = 10.1;
					};
				};
			};
			buildConfigurationList = 6EEB431C225ABF7A00EC23BA /* Build configuration list for PBXProject "CardTable" */;
			compatibilityVersion = "Xcode 9.3";
			developmentRegion = en;
			hasScannedForEncodings = 0;
			knownRegions = (
				en,
				Base,
			);
			mainGroup = 6EEB4318225ABF7A00EC23BA;
			productRefGroup = 6EEB4322225ABF7A00EC23BA /* Products */;
			projectDirPath = "";
			projectRoot = "";
			targets = (
				6EEB4320225ABF7A00EC23BA /* CardTable */,
			);
		};
/* End PBXProject section */

/* Begin PBXResourcesBuildPhase section */
		6EEB431F225ABF7A00EC23BA /* Resources */ = {
			isa = PBXResourcesBuildPhase;
			buildActionMask = 2147483647;
			files = (
				6EEB432F225ABF7B00EC23BA /* LaunchScreen.storyboard in Resources */,
				6EEB432C225ABF7B00EC23BA /* Assets.xcassets in Resources */,
				6EEB432A225ABF7A00EC23BA /* Main.storyboard in Resources */,
			);
			runOnlyForDeploymentPostprocessing = 0;
		};
/* End PBXResourcesBuildPhase section */

/* Begin PBXSourcesBuildPhase section */
		6EEB431D225ABF7A00EC23BA /* Sources */ = {
			isa = PBXSourcesBuildPhase;
			buildActionMask = 2147483647;
			files = (
				6EEB4337225AC1E000EC23BA /* DesignView.swift in Sources */,
				6EEB4339225ACB9600EC23BA /* TableViewCell.swift in Sources */,
				6EEB4327225ABF7A00EC23BA /* ViewController.swift in Sources */,
				6EEB4325225ABF7A00EC23BA /* AppDelegate.swift in Sources */,
			);
			runOnlyForDeploymentPostprocessing = 0;
		};
/* End PBXSourcesBuildPhase section */

/* Begin PBXVariantGroup section */
		6EEB4328225ABF7A00EC23BA /* Main.storyboard */ = {
			isa = PBXVariantGroup;
			children = (
				6EEB4329225ABF7A00EC23BA /* Base */,
			);
			name = Main.storyboard;
			sourceTree = "<group>";
		};
		6EEB432D225ABF7B00EC23BA /* LaunchScreen.storyboard */ = {
			isa = PBXVariantGroup;
			children = (
				6EEB432E225ABF7B00EC23BA /* Base */,
			);
			name = LaunchScreen.storyboard;
			sourceTree = "<group>";
		};
/* End PBXVariantGroup section */

/* Begin XCBuildConfiguration section */
		6EEB4331225ABF7B00EC23BA /* Debug */ = {
			isa = XCBuildConfiguration;
			buildSettings = {
				ALWAYS_SEARCH_USER_PATHS = NO;
				CLANG_ANALYZER_NONNULL = YES;
				CLANG_ANALYZER_NUMBER_OBJECT_CONVERSION = YES_AGGRESSIVE;
				CLANG_CXX_LANGUAGE_STANDARD = "gnu++14";
				CLANG_CXX_LIBRARY = "libc++";
				CLANG_ENABLE_MODULES = YES;
				CLANG_ENABLE_OBJC_ARC = YES;
				CLANG_ENABLE_OBJC_WEAK = YES;
				CLANG_WARN_BLOCK_CAPTURE_AUTORELEASING = YES;
				CLANG_WARN_BOOL_CONVERSION = YES;
				CLANG_WARN_COMMA = YES;
				CLANG_WARN_CONSTANT_CONVERSION = YES;
				CLANG_WARN_DEPRECATED_OBJC_IMPLEMENTATIONS = YES;
				CLANG_WARN_DIRECT_OBJC_ISA_USAGE = YES_ERROR;
				CLANG_WARN_DOCUMENTATION_COMMENTS = YES;
				CLANG_WARN_EMPTY_BODY = YES;
				CLANG_WARN_ENUM_CONVERSION = YES;
				CLANG_WARN_INFINITE_RECURSION = YES;
				CLANG_WARN_INT_CONVERSION = YES;
				CLANG_WARN_NON_LITERAL_NULL_CONVERSION = YES;
				CLANG_WARN_OBJC_IMPLICIT_RETAIN_SELF = YES;
				CLANG_WARN_OBJC_LITERAL_CONVERSION = YES;
				CLANG_WARN_OBJC_ROOT_CLASS = YES_ERROR;
				CLANG_WARN_RANGE_LOOP_ANALYSIS = YES;
				CLANG_WARN_STRICT_PROTOTYPES = YES;
				CLANG_WARN_SUSPICIOUS_MOVE = YES;
				CLANG_WARN_UNGUARDED_AVAILABILITY = YES_AGGRESSIVE;
				CLANG_WARN_UNREACHABLE_CODE = YES;
				CLANG_WARN__DUPLICATE_METHOD_MATCH = YES;
				CODE_SIGN_IDENTITY = "iPhone Developer";
				COPY_PHASE_STRIP = NO;
				DEBUG_INFORMATION_FORMAT = dwarf;
				ENABLE_STRICT_OBJC_MSGSEND = YES;
				ENABLE_TESTABILITY = YES;
				GCC_C_LANGUAGE_STANDARD = gnu11;
				GCC_DYNAMIC_NO_PIC = NO;
				GCC_NO_COMMON_BLOCKS = YES;
				GCC_OPTIMIZATION_LEVEL = 0;
				GCC_PREPROCESSOR_DEFINITIONS = (
					"DEBUG=1",
					"$(inherited)",
				);
				GCC_WARN_64_TO_32_BIT_CONVERSION = YES;
				GCC_WARN_ABOUT_RETURN_TYPE = YES_ERROR;
				GCC_WARN_UNDECLARED_SELECTOR = YES;
				GCC_WARN_UNINITIALIZED_AUTOS = YES_AGGRESSIVE;
				GCC_WARN_UNUSED_FUNCTION = YES;
				GCC_WARN_UNUSED_VARIABLE = YES;
				IPHONEOS_DEPLOYMENT_TARGET = 12.1;
				MTL_ENABLE_DEBUG_INFO = INCLUDE_SOURCE;
				MTL_FAST_MATH = YES;
				ONLY_ACTIVE_ARCH = YES;
				SDKROOT = iphoneos;
				SWIFT_ACTIVE_COMPILATION_CONDITIONS = DEBUG;
				SWIFT_OPTIMIZATION_LEVEL = "-Onone";
			};
			name = Debug;
		};
		6EEB4332225ABF7B00EC23BA /* Release */ = {
			isa = XCBuildConfiguration;
			buildSettings = {
				ALWAYS_SEARCH_USER_PATHS = NO;
				CLANG_ANALYZER_NONNULL = YES;
				CLANG_ANALYZER_NUMBER_OBJECT_CONVERSION = YES_AGGRESSIVE;
				CLANG_CXX_LANGUAGE_STANDARD = "gnu++14";
				CLANG_CXX_LIBRARY = "libc++";
				CLANG_ENABLE_MODULES = YES;
				CLANG_ENABLE_OBJC_ARC = YES;
				CLANG_ENABLE_OBJC_WEAK = YES;
				CLANG_WARN_BLOCK_CAPTURE_AUTORELEASING = YES;
				CLANG_WARN_BOOL_CONVERSION = YES;
				CLANG_WARN_COMMA = YES;
				CLANG_WARN_CONSTANT_CONVERSION = YES;
				CLANG_WARN_DEPRECATED_OBJC_IMPLEMENTATIONS = YES;
				CLANG_WARN_DIRECT_OBJC_ISA_USAGE = YES_ERROR;
				CLANG_WARN_DOCUMENTATION_COMMENTS = YES;
				CLANG_WARN_EMPTY_BODY = YES;
				CLANG_WARN_ENUM_CONVERSION = YES;
				CLANG_WARN_INFINITE_RECURSION = YES;
				CLANG_WARN_INT_CONVERSION = YES;
				CLANG_WARN_NON_LITERAL_NULL_CONVERSION = YES;
				CLANG_WARN_OBJC_IMPLICIT_RETAIN_SELF = YES;
				CLANG_WARN_OBJC_LITERAL_CONVERSION = YES;
				CLANG_WARN_OBJC_ROOT_CLASS = YES_ERROR;
				CLANG_WARN_RANGE_LOOP_ANALYSIS = YES;
				CLANG_WARN_STRICT_PROTOTYPES = YES;
				CLANG_WARN_SUSPICIOUS_MOVE = YES;
				CLANG_WARN_UNGUARDED_AVAILABILITY = YES_AGGRESSIVE;
				CLANG_WARN_UNREACHABLE_CODE = YES;
				CLANG_WARN__DUPLICATE_METHOD_MATCH = YES;
				CODE_SIGN_IDENTITY = "iPhone Developer";
				COPY_PHASE_STRIP = NO;
				DEBUG_INFORMATION_FORMAT = "dwarf-with-dsym";
				ENABLE_NS_ASSERTIONS = NO;
				ENABLE_STRICT_OBJC_MSGSEND = YES;
				GCC_C_LANGUAGE_STANDARD = gnu11;
				GCC_NO_COMMON_BLOCKS = YES;
				GCC_WARN_64_TO_32_BIT_CONVERSION = YES;
				GCC_WARN_ABOUT_RETURN_TYPE = YES_ERROR;
				GCC_WARN_UNDECLARED_SELECTOR = YES;
				GCC_WARN_UNINITIALIZED_AUTOS = YES_AGGRESSIVE;
				GCC_WARN_UNUSED_FUNCTION = YES;
				GCC_WARN_UNUSED_VARIABLE = YES;
				IPHONEOS_DEPLOYMENT_TARGET = 12.1;
				MTL_ENABLE_DEBUG_INFO = NO;
				MTL_FAST_MATH = YES;
				SDKROOT = iphoneos;
				SWIFT_COMPILATION_MODE = wholemodule;
				SWIFT_OPTIMIZATION_LEVEL = "-O";
				VALIDATE_PRODUCT = YES;
			};
			name = Release;
		};
		6EEB4334225ABF7B00EC23BA /* Debug */ = {
			isa = XCBuildConfiguration;
			buildSettings = {
				ASSETCATALOG_COMPILER_APPICON_NAME = AppIcon;
				CODE_SIGN_STYLE = Automatic;
				DEVELOPMENT_TEAM = K263L273XJ;
				INFOPLIST_FILE = CardTable/Info.plist;
				LD_RUNPATH_SEARCH_PATHS = (
					"$(inherited)",
					"@executable_path/Frameworks",
				);
				PRODUCT_BUNDLE_IDENTIFIER = br.com.vinicius.duarte.CardTable;
				PRODUCT_NAME = "$(TARGET_NAME)";
				SWIFT_VERSION = 4.2;
				TARGETED_DEVICE_FAMILY = "1,2";
			};
			name = Debug;
		};
		6EEB4335225ABF7B00EC23BA /* Release */ = {
			isa = XCBuildConfiguration;
			buildSettings = {
				ASSETCATALOG_COMPILER_APPICON_NAME = AppIcon;
				CODE_SIGN_STYLE = Automatic;
				DEVELOPMENT_TEAM = K263L273XJ;
				INFOPLIST_FILE = CardTable/Info.plist;
				LD_RUNPATH_SEARCH_PATHS = (
					"$(inherited)",
					"@executable_path/Frameworks",
				);
				PRODUCT_BUNDLE_IDENTIFIER = br.com.vinicius.duarte.CardTable;
				PRODUCT_NAME = "$(TARGET_NAME)";
				SWIFT_VERSION = 4.2;
				TARGETED_DEVICE_FAMILY = "1,2";
			};
			name = Release;
		};
/* End XCBuildConfiguration section */

/* Begin XCConfigurationList section */
		6EEB431C225ABF7A00EC23BA /* Build configuration list for PBXProject "CardTable" */ = {
			isa = XCConfigurationList;
			buildConfigurations = (
				6EEB4331225ABF7B00EC23BA /* Debug */,
				6EEB4332225ABF7B00EC23BA /* Release */,
			);
			defaultConfigurationIsVisible = 0;
			defaultConfigurationName = Release;
		};
		6EEB4333225ABF7B00EC23BA /* Build configuration list for PBXNativeTarget "CardTable" */ = {
			isa = XCConfigurationList;
			buildConfigurations = (
				6EEB4334225ABF7B00EC23BA /* Debug */,
				6EEB4335225ABF7B00EC23BA /* Release */,
			);
			defaultConfigurationIsVisible = 0;
			defaultConfigurationName = Release;
		};
/* End XCConfigurationList section */
	};
	rootObject = 6EEB4319225ABF7A00EC23BA /* Project object */;
}
