// !$*UTF8*$!
{
	archiveVersion = 1;
	classes = {
	};
	objectVersion = 50;
	objects = {

/* Begin PBXBuildFile section */
		98C5EC0020EEF47200C6D699 /* AppDelegate.swift in Sources */ = {isa = PBXBuildFile; fileRef = 98C5EBFF20EEF47200C6D699 /* AppDelegate.swift */; };
		98C5EC0220EEF47200C6D699 /* ViewController.swift in Sources */ = {isa = PBXBuildFile; fileRef = 98C5EC0120EEF47200C6D699 /* ViewController.swift */; };
		98C5EC0520EEF47200C6D699 /* Main.storyboard in Resources */ = {isa = PBXBuildFile; fileRef = 98C5EC0320EEF47200C6D699 /* Main.storyboard */; };
		98C5EC0820EEF47200C6D699 /* Notas_Diarias.xcdatamodeld in Sources */ = {isa = PBXBuildFile; fileRef = 98C5EC0620EEF47200C6D699 /* Notas_Diarias.xcdatamodeld */; };
		98C5EC0A20EEF47300C6D699 /* Assets.xcassets in Resources */ = {isa = PBXBuildFile; fileRef = 98C5EC0920EEF47300C6D699 /* Assets.xcassets */; };
		98C5EC0D20EEF47300C6D699 /* LaunchScreen.storyboard in Resources */ = {isa = PBXBuildFile; fileRef = 98C5EC0B20EEF47300C6D699 /* LaunchScreen.storyboard */; };
/* End PBXBuildFile section */

/* Begin PBXFileReference section */
		98C5EBFC20EEF47200C6D699 /* Notas Diarias.app */ = {isa = PBXFileReference; explicitFileType = wrapper.application; includeInIndex = 0; path = "Notas Diarias.app"; sourceTree = BUILT_PRODUCTS_DIR; };
		98C5EBFF20EEF47200C6D699 /* AppDelegate.swift */ = {isa = PBXFileReference; lastKnownFileType = sourcecode.swift; path = AppDelegate.swift; sourceTree = "<group>"; };
		98C5EC0120EEF47200C6D699 /* ViewController.swift */ = {isa = PBXFileReference; lastKnownFileType = sourcecode.swift; path = ViewController.swift; sourceTree = "<group>"; };
		98C5EC0420EEF47200C6D699 /* Base */ = {isa = PBXFileReference; lastKnownFileType = file.storyboard; name = Base; path = Base.lproj/Main.storyboard; sourceTree = "<group>"; };
		98C5EC0720EEF47200C6D699 /* Notas_Diarias.xcdatamodel */ = {isa = PBXFileReference; lastKnownFileType = wrapper.xcdatamodel; path = Notas_Diarias.xcdatamodel; sourceTree = "<group>"; };
		98C5EC0920EEF47300C6D699 /* Assets.xcassets */ = {isa = PBXFileReference; lastKnownFileType = folder.assetcatalog; path = Assets.xcassets; sourceTree = "<group>"; };
		98C5EC0C20EEF47300C6D699 /* Base */ = {isa = PBXFileReference; lastKnownFileType = file.storyboard; name = Base; path = Base.lproj/LaunchScreen.storyboard; sourceTree = "<group>"; };
		98C5EC0E20EEF47300C6D699 /* Info.plist */ = {isa = PBXFileReference; lastKnownFileType = text.plist.xml; path = Info.plist; sourceTree = "<group>"; };
/* End PBXFileReference section */

/* Begin PBXFrameworksBuildPhase section */
		98C5EBF920EEF47200C6D699 /* Frameworks */ = {
			isa = PBXFrameworksBuildPhase;
			buildActionMask = 2147483647;
			files = (
			);
			runOnlyForDeploymentPostprocessing = 0;
		};
/* End PBXFrameworksBuildPhase section */

/* Begin PBXGroup section */
		98C5EBF320EEF47200C6D699 = {
			isa = PBXGroup;
			children = (
				98C5EBFE20EEF47200C6D699 /* Notas Diarias */,
				98C5EBFD20EEF47200C6D699 /* Products */,
			);
			sourceTree = "<group>";
		};
		98C5EBFD20EEF47200C6D699 /* Products */ = {
			isa = PBXGroup;
			children = (
				98C5EBFC20EEF47200C6D699 /* Notas Diarias.app */,
			);
			name = Products;
			sourceTree = "<group>";
		};
		98C5EBFE20EEF47200C6D699 /* Notas Diarias */ = {
			isa = PBXGroup;
			children = (
				98C5EBFF20EEF47200C6D699 /* AppDelegate.swift */,
				98C5EC0120EEF47200C6D699 /* ViewController.swift */,
				98C5EC0320EEF47200C6D699 /* Main.storyboard */,
				98C5EC0920EEF47300C6D699 /* Assets.xcassets */,
				98C5EC0B20EEF47300C6D699 /* LaunchScreen.storyboard */,
				98C5EC0E20EEF47300C6D699 /* Info.plist */,
				98C5EC0620EEF47200C6D699 /* Notas_Diarias.xcdatamodeld */,
			);
			path = "Notas Diarias";
			sourceTree = "<group>";
		};
/* End PBXGroup section */

/* Begin PBXNativeTarget section */
		98C5EBFB20EEF47200C6D699 /* Notas Diarias */ = {
			isa = PBXNativeTarget;
			buildConfigurationList = 98C5EC1120EEF47300C6D699 /* Build configuration list for PBXNativeTarget "Notas Diarias" */;
			buildPhases = (
				98C5EBF820EEF47200C6D699 /* Sources */,
				98C5EBF920EEF47200C6D699 /* Frameworks */,
				98C5EBFA20EEF47200C6D699 /* Resources */,
			);
			buildRules = (
			);
			dependencies = (
			);
			name = "Notas Diarias";
			productName = "Notas Diarias";
			productReference = 98C5EBFC20EEF47200C6D699 /* Notas Diarias.app */;
			productType = "com.apple.product-type.application";
		};
/* End PBXNativeTarget section */

/* Begin PBXProject section */
		98C5EBF420EEF47200C6D699 /* Project object */ = {
			isa = PBXProject;
			attributes = {
				LastSwiftUpdateCheck = 0940;
				LastUpgradeCheck = 0940;
				ORGANIZATIONNAME = "Vinícius Rodrigues Duarte";
				TargetAttributes = {
					98C5EBFB20EEF47200C6D699 = {
						CreatedOnToolsVersion = 9.4.1;
					};
				};
			};
			buildConfigurationList = 98C5EBF720EEF47200C6D699 /* Build configuration list for PBXProject "Notas Diarias" */;
			compatibilityVersion = "Xcode 9.3";
			developmentRegion = en;
			hasScannedForEncodings = 0;
			knownRegions = (
				en,
				Base,
			);
			mainGroup = 98C5EBF320EEF47200C6D699;
			productRefGroup = 98C5EBFD20EEF47200C6D699 /* Products */;
			projectDirPath = "";
			projectRoot = "";
			targets = (
				98C5EBFB20EEF47200C6D699 /* Notas Diarias */,
			);
		};
/* End PBXProject section */

/* Begin PBXResourcesBuildPhase section */
		98C5EBFA20EEF47200C6D699 /* Resources */ = {
			isa = PBXResourcesBuildPhase;
			buildActionMask = 2147483647;
			files = (
				98C5EC0D20EEF47300C6D699 /* LaunchScreen.storyboard in Resources */,
				98C5EC0A20EEF47300C6D699 /* Assets.xcassets in Resources */,
				98C5EC0520EEF47200C6D699 /* Main.storyboard in Resources */,
			);
			runOnlyForDeploymentPostprocessing = 0;
		};
/* End PBXResourcesBuildPhase section */

/* Begin PBXSourcesBuildPhase section */
		98C5EBF820EEF47200C6D699 /* Sources */ = {
			isa = PBXSourcesBuildPhase;
			buildActionMask = 2147483647;
			files = (
				98C5EC0820EEF47200C6D699 /* Notas_Diarias.xcdatamodeld in Sources */,
				98C5EC0220EEF47200C6D699 /* ViewController.swift in Sources */,
				98C5EC0020EEF47200C6D699 /* AppDelegate.swift in Sources */,
			);
			runOnlyForDeploymentPostprocessing = 0;
		};
/* End PBXSourcesBuildPhase section */

/* Begin PBXVariantGroup section */
		98C5EC0320EEF47200C6D699 /* Main.storyboard */ = {
			isa = PBXVariantGroup;
			children = (
				98C5EC0420EEF47200C6D699 /* Base */,
			);
			name = Main.storyboard;
			sourceTree = "<group>";
		};
		98C5EC0B20EEF47300C6D699 /* LaunchScreen.storyboard */ = {
			isa = PBXVariantGroup;
			children = (
				98C5EC0C20EEF47300C6D699 /* Base */,
			);
			name = LaunchScreen.storyboard;
			sourceTree = "<group>";
		};
/* End PBXVariantGroup section */

/* Begin XCBuildConfiguration section */
		98C5EC0F20EEF47300C6D699 /* Debug */ = {
			isa = XCBuildConfiguration;
			buildSettings = {
				ALWAYS_SEARCH_USER_PATHS = NO;
				CLANG_ANALYZER_NONNULL = YES;
				CLANG_ANALYZER_NUMBER_OBJECT_CONVERSION = YES_AGGRESSIVE;
				CLANG_CXX_LANGUAGE_STANDARD = "gnu++14";
				CLANG_CXX_LIBRARY = "libc++";
				CLANG_ENABLE_MODULES = YES;
				CLANG_ENABLE_OBJC_ARC = YES;
				CLANG_ENABLE_OBJC_WEAK = YES;
				CLANG_WARN_BLOCK_CAPTURE_AUTORELEASING = YES;
				CLANG_WARN_BOOL_CONVERSION = YES;
				CLANG_WARN_COMMA = YES;
				CLANG_WARN_CONSTANT_CONVERSION = YES;
				CLANG_WARN_DEPRECATED_OBJC_IMPLEMENTATIONS = YES;
				CLANG_WARN_DIRECT_OBJC_ISA_USAGE = YES_ERROR;
				CLANG_WARN_DOCUMENTATION_COMMENTS = YES;
				CLANG_WARN_EMPTY_BODY = YES;
				CLANG_WARN_ENUM_CONVERSION = YES;
				CLANG_WARN_INFINITE_RECURSION = YES;
				CLANG_WARN_INT_CONVERSION = YES;
				CLANG_WARN_NON_LITERAL_NULL_CONVERSION = YES;
				CLANG_WARN_OBJC_IMPLICIT_RETAIN_SELF = YES;
				CLANG_WARN_OBJC_LITERAL_CONVERSION = YES;
				CLANG_WARN_OBJC_ROOT_CLASS = YES_ERROR;
				CLANG_WARN_RANGE_LOOP_ANALYSIS = YES;
				CLANG_WARN_STRICT_PROTOTYPES = YES;
				CLANG_WARN_SUSPICIOUS_MOVE = YES;
				CLANG_WARN_UNGUARDED_AVAILABILITY = YES_AGGRESSIVE;
				CLANG_WARN_UNREACHABLE_CODE = YES;
				CLANG_WARN__DUPLICATE_METHOD_MATCH = YES;
				CODE_SIGN_IDENTITY = "iPhone Developer";
				COPY_PHASE_STRIP = NO;
				DEBUG_INFORMATION_FORMAT = dwarf;
				ENABLE_STRICT_OBJC_MSGSEND = YES;
				ENABLE_TESTABILITY = YES;
				GCC_C_LANGUAGE_STANDARD = gnu11;
				GCC_DYNAMIC_NO_PIC = NO;
				GCC_NO_COMMON_BLOCKS = YES;
				GCC_OPTIMIZATION_LEVEL = 0;
				GCC_PREPROCESSOR_DEFINITIONS = (
					"DEBUG=1",
					"$(inherited)",
				);
				GCC_WARN_64_TO_32_BIT_CONVERSION = YES;
				GCC_WARN_ABOUT_RETURN_TYPE = YES_ERROR;
				GCC_WARN_UNDECLARED_SELECTOR = YES;
				GCC_WARN_UNINITIALIZED_AUTOS = YES_AGGRESSIVE;
				GCC_WARN_UNUSED_FUNCTION = YES;
				GCC_WARN_UNUSED_VARIABLE = YES;
				IPHONEOS_DEPLOYMENT_TARGET = 11.4;
				MTL_ENABLE_DEBUG_INFO = YES;
				ONLY_ACTIVE_ARCH = YES;
				SDKROOT = iphoneos;
				SWIFT_ACTIVE_COMPILATION_CONDITIONS = DEBUG;
				SWIFT_OPTIMIZATION_LEVEL = "-Onone";
			};
			name = Debug;
		};
		98C5EC1020EEF47300C6D699 /* Release */ = {
			isa = XCBuildConfiguration;
			buildSettings = {
				ALWAYS_SEARCH_USER_PATHS = NO;
				CLANG_ANALYZER_NONNULL = YES;
				CLANG_ANALYZER_NUMBER_OBJECT_CONVERSION = YES_AGGRESSIVE;
				CLANG_CXX_LANGUAGE_STANDARD = "gnu++14";
				CLANG_CXX_LIBRARY = "libc++";
				CLANG_ENABLE_MODULES = YES;
				CLANG_ENABLE_OBJC_ARC = YES;
				CLANG_ENABLE_OBJC_WEAK = YES;
				CLANG_WARN_BLOCK_CAPTURE_AUTORELEASING = YES;
				CLANG_WARN_BOOL_CONVERSION = YES;
				CLANG_WARN_COMMA = YES;
				CLANG_WARN_CONSTANT_CONVERSION = YES;
				CLANG_WARN_DEPRECATED_OBJC_IMPLEMENTATIONS = YES;
				CLANG_WARN_DIRECT_OBJC_ISA_USAGE = YES_ERROR;
				CLANG_WARN_DOCUMENTATION_COMMENTS = YES;
				CLANG_WARN_EMPTY_BODY = YES;
				CLANG_WARN_ENUM_CONVERSION = YES;
				CLANG_WARN_INFINITE_RECURSION = YES;
				CLANG_WARN_INT_CONVERSION = YES;
				CLANG_WARN_NON_LITERAL_NULL_CONVERSION = YES;
				CLANG_WARN_OBJC_IMPLICIT_RETAIN_SELF = YES;
				CLANG_WARN_OBJC_LITERAL_CONVERSION = YES;
				CLANG_WARN_OBJC_ROOT_CLASS = YES_ERROR;
				CLANG_WARN_RANGE_LOOP_ANALYSIS = YES;
				CLANG_WARN_STRICT_PROTOTYPES = YES;
				CLANG_WARN_SUSPICIOUS_MOVE = YES;
				CLANG_WARN_UNGUARDED_AVAILABILITY = YES_AGGRESSIVE;
				CLANG_WARN_UNREACHABLE_CODE = YES;
				CLANG_WARN__DUPLICATE_METHOD_MATCH = YES;
				CODE_SIGN_IDENTITY = "iPhone Developer";
				COPY_PHASE_STRIP = NO;
				DEBUG_INFORMATION_FORMAT = "dwarf-with-dsym";
				ENABLE_NS_ASSERTIONS = NO;
				ENABLE_STRICT_OBJC_MSGSEND = YES;
				GCC_C_LANGUAGE_STANDARD = gnu11;
				GCC_NO_COMMON_BLOCKS = YES;
				GCC_WARN_64_TO_32_BIT_CONVERSION = YES;
				GCC_WARN_ABOUT_RETURN_TYPE = YES_ERROR;
				GCC_WARN_UNDECLARED_SELECTOR = YES;
				GCC_WARN_UNINITIALIZED_AUTOS = YES_AGGRESSIVE;
				GCC_WARN_UNUSED_FUNCTION = YES;
				GCC_WARN_UNUSED_VARIABLE = YES;
				IPHONEOS_DEPLOYMENT_TARGET = 11.4;
				MTL_ENABLE_DEBUG_INFO = NO;
				SDKROOT = iphoneos;
				SWIFT_COMPILATION_MODE = wholemodule;
				SWIFT_OPTIMIZATION_LEVEL = "-O";
				VALIDATE_PRODUCT = YES;
			};
			name = Release;
		};
		98C5EC1220EEF47300C6D699 /* Debug */ = {
			isa = XCBuildConfiguration;
			buildSettings = {
				ASSETCATALOG_COMPILER_APPICON_NAME = AppIcon;
				CODE_SIGN_STYLE = Automatic;
				DEVELOPMENT_TEAM = K263L273XJ;
				INFOPLIST_FILE = "Notas Diarias/Info.plist";
				LD_RUNPATH_SEARCH_PATHS = (
					"$(inherited)",
					"@executable_path/Frameworks",
				);
				PRODUCT_BUNDLE_IDENTIFIER = "br.com.vinicius.ios.Notas-Diarias";
				PRODUCT_NAME = "$(TARGET_NAME)";
				SWIFT_VERSION = 4.0;
				TARGETED_DEVICE_FAMILY = "1,2";
			};
			name = Debug;
		};
		98C5EC1320EEF47300C6D699 /* Release */ = {
			isa = XCBuildConfiguration;
			buildSettings = {
				ASSETCATALOG_COMPILER_APPICON_NAME = AppIcon;
				CODE_SIGN_STYLE = Automatic;
				DEVELOPMENT_TEAM = K263L273XJ;
				INFOPLIST_FILE = "Notas Diarias/Info.plist";
				LD_RUNPATH_SEARCH_PATHS = (
					"$(inherited)",
					"@executable_path/Frameworks",
				);
				PRODUCT_BUNDLE_IDENTIFIER = "br.com.vinicius.ios.Notas-Diarias";
				PRODUCT_NAME = "$(TARGET_NAME)";
				SWIFT_VERSION = 4.0;
				TARGETED_DEVICE_FAMILY = "1,2";
			};
			name = Release;
		};
/* End XCBuildConfiguration section */

/* Begin XCConfigurationList section */
		98C5EBF720EEF47200C6D699 /* Build configuration list for PBXProject "Notas Diarias" */ = {
			isa = XCConfigurationList;
			buildConfigurations = (
				98C5EC0F20EEF47300C6D699 /* Debug */,
				98C5EC1020EEF47300C6D699 /* Release */,
			);
			defaultConfigurationIsVisible = 0;
			defaultConfigurationName = Release;
		};
		98C5EC1120EEF47300C6D699 /* Build configuration list for PBXNativeTarget "Notas Diarias" */ = {
			isa = XCConfigurationList;
			buildConfigurations = (
				98C5EC1220EEF47300C6D699 /* Debug */,
				98C5EC1320EEF47300C6D699 /* Release */,
			);
			defaultConfigurationIsVisible = 0;
			defaultConfigurationName = Release;
		};
/* End XCConfigurationList section */

/* Begin XCVersionGroup section */
		98C5EC0620EEF47200C6D699 /* Notas_Diarias.xcdatamodeld */ = {
			isa = XCVersionGroup;
			children = (
				98C5EC0720EEF47200C6D699 /* Notas_Diarias.xcdatamodel */,
			);
			currentVersion = 98C5EC0720EEF47200C6D699 /* Notas_Diarias.xcdatamodel */;
			path = Notas_Diarias.xcdatamodeld;
			sourceTree = "<group>";
			versionGroupType = wrapper.xcdatamodel;
		};
/* End XCVersionGroup section */
	};
	rootObject = 98C5EBF420EEF47200C6D699 /* Project object */;
}
